# This file is autogenerated, do not edit; changes may be undone by the next 'dep ensure'.


[[projects]]
  branch = "master"
  name = "github.com/texttheater/golang-levenshtein"
  packages = ["levenshtein"]
  revision = "1a14278c506abae7c17b3cb0b84ae863c7300454"

[solve-meta]
  analyzer-name = "dep"
  analyzer-version = 1
  inputs-digest = "a19412cacc29ce99dbbf109f3b501cc04d6fcf23c991f8a85f6a829824a4dd1e"
  solver-name = "gps-cdcl"
  solver-version = 1
